<?xml version="1.0" encoding="UTF-8"?>
<CodeBlocks_project_file>
	<FileVersion major="1" minor="6"/>
	<Project>
		<Option title="AdapterPattern"/>
		<Option makefile_is_custom="1"/>
		<Option compiler="gcc"/>
		<Option virtualFolders="CMake Files\;"/>
		<Build>
			<Target title="all">
				<Option working_dir="/home/aravind/Documents/Workspace_Work/build-AdapterPattern-Desktop-Debug"/>
				<Option type="4"/>
				<MakeCommands>
					<Build command="/usr/bin/make -j4 -f &quot;/home/aravind/Documents/Workspace_Work/build-AdapterPattern-Desktop-Debug/Makefile&quot;  VERBOSE=1 all"/>
					<CompileFile command="/usr/bin/make -j4 -f &quot;/home/aravind/Documents/Workspace_Work/build-AdapterPattern-Desktop-Debug/Makefile&quot;  VERBOSE=1 &quot;$file&quot;"/>
					<Clean command="/usr/bin/make -j4 -f &quot;/home/aravind/Documents/Workspace_Work/build-AdapterPattern-Desktop-Debug/Makefile&quot;  VERBOSE=1 clean"/>
					<DistClean command="/usr/bin/make -j4 -f &quot;/home/aravind/Documents/Workspace_Work/build-AdapterPattern-Desktop-Debug/Makefile&quot;  VERBOSE=1 clean"/>
				</MakeCommands>
			</Target>
			<Target title="rebuild_cache">
				<Option working_dir="/home/aravind/Documents/Workspace_Work/build-AdapterPattern-Desktop-Debug"/>
				<Option type="4"/>
				<MakeCommands>
					<Build command="/usr/bin/make -j4 -f &quot;/home/aravind/Documents/Workspace_Work/build-AdapterPattern-Desktop-Debug/Makefile&quot;  VERBOSE=1 rebuild_cache"/>
					<CompileFile command="/usr/bin/make -j4 -f &quot;/home/aravind/Documents/Workspace_Work/build-AdapterPattern-Desktop-Debug/Makefile&quot;  VERBOSE=1 &quot;$file&quot;"/>
					<Clean command="/usr/bin/make -j4 -f &quot;/home/aravind/Documents/Workspace_Work/build-AdapterPattern-Desktop-Debug/Makefile&quot;  VERBOSE=1 clean"/>
					<DistClean command="/usr/bin/make -j4 -f &quot;/home/aravind/Documents/Workspace_Work/build-AdapterPattern-Desktop-Debug/Makefile&quot;  VERBOSE=1 clean"/>
				</MakeCommands>
			</Target>
			<Target title="AdapterPattern">
				<Option output="/home/aravind/Documents/Workspace_Work/build-AdapterPattern-Desktop-Debug/AdapterPattern" prefix_auto="0" extension_auto="0"/>
				<Option working_dir="/home/aravind/Documents/Workspace_Work/build-AdapterPattern-Desktop-Debug"/>
				<Option object_output="./"/>
				<Option type="1"/>
				<Option compiler="gcc"/>
				<Compiler>
					<Add directory="/usr/include/c++/7"/>
					<Add directory="/usr/include/x86_64-linux-gnu/c++/7"/>
					<Add directory="/usr/include/c++/7/backward"/>
					<Add directory="/usr/lib/gcc/x86_64-linux-gnu/7/include"/>
					<Add directory="/usr/local/include"/>
					<Add directory="/usr/lib/gcc/x86_64-linux-gnu/7/include-fixed"/>
					<Add directory="/usr/include/x86_64-linux-gnu"/>
					<Add directory="/usr/include"/>
				</Compiler>
				<MakeCommands>
					<Build command="/usr/bin/make -j4 -f &quot;/home/aravind/Documents/Workspace_Work/build-AdapterPattern-Desktop-Debug/Makefile&quot;  VERBOSE=1 AdapterPattern"/>
					<CompileFile command="/usr/bin/make -j4 -f &quot;/home/aravind/Documents/Workspace_Work/build-AdapterPattern-Desktop-Debug/Makefile&quot;  VERBOSE=1 &quot;$file&quot;"/>
					<Clean command="/usr/bin/make -j4 -f &quot;/home/aravind/Documents/Workspace_Work/build-AdapterPattern-Desktop-Debug/Makefile&quot;  VERBOSE=1 clean"/>
					<DistClean command="/usr/bin/make -j4 -f &quot;/home/aravind/Documents/Workspace_Work/build-AdapterPattern-Desktop-Debug/Makefile&quot;  VERBOSE=1 clean"/>
				</MakeCommands>
			</Target>
			<Target title="AdapterPattern/fast">
				<Option output="/home/aravind/Documents/Workspace_Work/build-AdapterPattern-Desktop-Debug/AdapterPattern" prefix_auto="0" extension_auto="0"/>
				<Option working_dir="/home/aravind/Documents/Workspace_Work/build-AdapterPattern-Desktop-Debug"/>
				<Option object_output="./"/>
				<Option type="1"/>
				<Option compiler="gcc"/>
				<Compiler>
					<Add directory="/usr/include/c++/7"/>
					<Add directory="/usr/include/x86_64-linux-gnu/c++/7"/>
					<Add directory="/usr/include/c++/7/backward"/>
					<Add directory="/usr/lib/gcc/x86_64-linux-gnu/7/include"/>
					<Add directory="/usr/local/include"/>
					<Add directory="/usr/lib/gcc/x86_64-linux-gnu/7/include-fixed"/>
					<Add directory="/usr/include/x86_64-linux-gnu"/>
					<Add directory="/usr/include"/>
				</Compiler>
				<MakeCommands>
					<Build command="/usr/bin/make -j4 -f &quot;/home/aravind/Documents/Workspace_Work/build-AdapterPattern-Desktop-Debug/Makefile&quot;  VERBOSE=1 AdapterPattern/fast"/>
					<CompileFile command="/usr/bin/make -j4 -f &quot;/home/aravind/Documents/Workspace_Work/build-AdapterPattern-Desktop-Debug/Makefile&quot;  VERBOSE=1 &quot;$file&quot;"/>
					<Clean command="/usr/bin/make -j4 -f &quot;/home/aravind/Documents/Workspace_Work/build-AdapterPattern-Desktop-Debug/Makefile&quot;  VERBOSE=1 clean"/>
					<DistClean command="/usr/bin/make -j4 -f &quot;/home/aravind/Documents/Workspace_Work/build-AdapterPattern-Desktop-Debug/Makefile&quot;  VERBOSE=1 clean"/>
				</MakeCommands>
			</Target>
			<Target title="edit_cache">
				<Option working_dir="/home/aravind/Documents/Workspace_Work/build-AdapterPattern-Desktop-Debug"/>
				<Option type="4"/>
				<MakeCommands>
					<Build command="/usr/bin/make -j4 -f &quot;/home/aravind/Documents/Workspace_Work/build-AdapterPattern-Desktop-Debug/Makefile&quot;  VERBOSE=1 edit_cache"/>
					<CompileFile command="/usr/bin/make -j4 -f &quot;/home/aravind/Documents/Workspace_Work/build-AdapterPattern-Desktop-Debug/Makefile&quot;  VERBOSE=1 &quot;$file&quot;"/>
					<Clean command="/usr/bin/make -j4 -f &quot;/home/aravind/Documents/Workspace_Work/build-AdapterPattern-Desktop-Debug/Makefile&quot;  VERBOSE=1 clean"/>
					<DistClean command="/usr/bin/make -j4 -f &quot;/home/aravind/Documents/Workspace_Work/build-AdapterPattern-Desktop-Debug/Makefile&quot;  VERBOSE=1 clean"/>
				</MakeCommands>
			</Target>
		</Build>
		<Unit filename="/home/aravind/Documents/Workspace_Work/AdapterPattern/Duck.h">
			<Option target="AdapterPattern"/>
		</Unit>
		<Unit filename="/home/aravind/Documents/Workspace_Work/AdapterPattern/FlyBehavior.h">
			<Option target="AdapterPattern"/>
		</Unit>
		<Unit filename="/home/aravind/Documents/Workspace_Work/AdapterPattern/MallardDuck.h">
			<Option target="AdapterPattern"/>
		</Unit>
		<Unit filename="/home/aravind/Documents/Workspace_Work/AdapterPattern/ModelDuck.h">
			<Option target="AdapterPattern"/>
		</Unit>
		<Unit filename="/home/aravind/Documents/Workspace_Work/AdapterPattern/NoWings.h">
			<Option target="AdapterPattern"/>
		</Unit>
		<Unit filename="/home/aravind/Documents/Workspace_Work/AdapterPattern/Quack.h">
			<Option target="AdapterPattern"/>
		</Unit>
		<Unit filename="/home/aravind/Documents/Workspace_Work/AdapterPattern/QuackBehavior.h">
			<Option target="AdapterPattern"/>
		</Unit>
		<Unit filename="/home/aravind/Documents/Workspace_Work/AdapterPattern/Simulator.cpp">
			<Option target="AdapterPattern"/>
		</Unit>
		<Unit filename="/home/aravind/Documents/Workspace_Work/AdapterPattern/Squeak.h">
			<Option target="AdapterPattern"/>
		</Unit>
		<Unit filename="/home/aravind/Documents/Workspace_Work/AdapterPattern/Wings.h">
			<Option target="AdapterPattern"/>
		</Unit>
		<Unit filename="/home/aravind/Documents/Workspace_Work/AdapterPattern/CMakeLists.txt">
			<Option virtualFolder="CMake Files\"/>
		</Unit>
	</Project>
</CodeBlocks_project_file>
